
Microsoft Visual Studio Solution File, Format Version 12.00
# Visual Studio Version 16
VisualStudioVersion = 16.0.32002.261
MinimumVisualStudioVersion = 10.0.40219.1
Project("{FAE04EC0-301F-11D3-BF4B-00C04F79EFBC}") = "OutlawHess", "OutlawHess.csproj", "{AD2054BF-355B-470D-BBC5-A0E3B8AAE632}"
EndProject
Global
	GlobalSection(SolutionConfigurationPlatforms) = preSolution
		Debug|Any CPU = Debug|Any CPU
		Release|Any CPU = Release|Any CPU
	EndGlobalSection
	GlobalSection(ProjectConfigurationPlatforms) = postSolution
		{AD2054BF-355B-470D-BBC5-A0E3B8AAE632}.Debug|Any CPU.ActiveCfg = Debug|Any CPU
		{AD2054BF-355B-470D-BBC5-A0E3B8AAE632}.Debug|Any CPU.Build.0 = Debug|Any CPU
		{AD2054BF-355B-470D-BBC5-A0E3B8AAE632}.Release|Any CPU.ActiveCfg = Release|Any CPU
		{AD2054BF-355B-470D-BBC5-A0E3B8AAE632}.Release|Any CPU.Build.0 = Release|Any CPU
	EndGlobalSection
	GlobalSection(SolutionProperties) = preSolution
		HideSolutionNode = FALSE
	EndGlobalSection
	GlobalSection(ExtensibilityGlobals) = postSolution
		SolutionGuid = {EB650EA3-3A4D-4F10-ABF5-BE2199DE4F78}
	EndGlobalSection
EndGlobal
